{
  "name": "@klevu/core",
  "version": "0.0.2",
  "lockfileVersion": 2,
  "requires": true,
  "packages": {
    "": {
      "name": "@klevu/core",
      "version": "0.0.2",
      "license": "MIT",
      "dependencies": {
        "axios": "^0.26.0",
        "lodash.clonedeep": "^4.5.0",
        "type-fest": "^2.11.2"
      },
      "devDependencies": {
        "@types/lodash.clonedeep": "^4.5.6"
      }
    },
    "node_modules/@types/lodash": {
      "version": "4.14.178",
      "resolved": "https://registry.npmjs.org/@types/lodash/-/lodash-4.14.178.tgz",
      "integrity": "sha512-0d5Wd09ItQWH1qFbEyQ7oTQ3GZrMfth5JkbN3EvTKLXcHLRDSXeLnlvlOn0wvxVIwK5o2M8JzP/OWz7T3NRsbw==",
      "dev": true
    },
    "node_modules/@types/lodash.clonedeep": {
      "version": "4.5.6",
      "resolved": "https://registry.npmjs.org/@types/lodash.clonedeep/-/lodash.clonedeep-4.5.6.tgz",
      "integrity": "sha512-cE1jYr2dEg1wBImvXlNtp0xDoS79rfEdGozQVgliDZj1uERH4k+rmEMTudP9b4VQ8O6nRb5gPqft0QzEQGMQgA==",
      "dev": true,
      "dependencies": {
        "@types/lodash": "*"
      }
    },
    "node_modules/axios": {
      "version": "0.26.0",
      "resolved": "https://registry.npmjs.org/axios/-/axios-0.26.0.tgz",
      "integrity": "sha512-lKoGLMYtHvFrPVt3r+RBMp9nh34N0M8zEfCWqdWZx6phynIEhQqAdydpyBAAG211zlhX9Rgu08cOamy6XjE5Og==",
      "dependencies": {
        "follow-redirects": "^1.14.8"
      }
    },
    "node_modules/follow-redirects": {
      "version": "1.14.9",
      "resolved": "https://registry.npmjs.org/follow-redirects/-/follow-redirects-1.14.9.tgz",
      "integrity": "sha512-MQDfihBQYMcyy5dhRDJUHcw7lb2Pv/TuE6xP1vyraLukNDHKbDxDNaOE3NbCAdKQApno+GPRyo1YAp89yCjK4w==",
      "funding": [
        {
          "type": "individual",
          "url": "https://github.com/sponsors/RubenVerborgh"
        }
      ],
      "engines": {
        "node": ">=4.0"
      },
      "peerDependenciesMeta": {
        "debug": {
          "optional": true
        }
      }
    },
    "node_modules/lodash.clonedeep": {
      "version": "4.5.0",
      "resolved": "https://registry.npmjs.org/lodash.clonedeep/-/lodash.clonedeep-4.5.0.tgz",
      "integrity": "sha1-4j8/nE+Pvd6HJSnBBxhXoIblzO8="
    },
    "node_modules/type-fest": {
      "version": "2.11.2",
      "resolved": "https://registry.npmjs.org/type-fest/-/type-fest-2.11.2.tgz",
      "integrity": "sha512-reW2Y2Mpn0QNA/5fvtm5doROLwDPu2zOm5RtY7xQQS05Q7xgC8MOZ3yPNaP9m/s/sNjjFQtHo7VCNqYW2iI+Ig==",
      "engines": {
        "node": ">=12.20"
      },
      "funding": {
        "url": "https://github.com/sponsors/sindresorhus"
      }
    }
  },
  "dependencies": {
    "@types/lodash": {
      "version": "4.14.178",
      "resolved": "https://registry.npmjs.org/@types/lodash/-/lodash-4.14.178.tgz",
      "integrity": "sha512-0d5Wd09ItQWH1qFbEyQ7oTQ3GZrMfth5JkbN3EvTKLXcHLRDSXeLnlvlOn0wvxVIwK5o2M8JzP/OWz7T3NRsbw==",
      "dev": true
    },
    "@types/lodash.clonedeep": {
      "version": "4.5.6",
      "resolved": "https://registry.npmjs.org/@types/lodash.clonedeep/-/lodash.clonedeep-4.5.6.tgz",
      "integrity": "sha512-cE1jYr2dEg1wBImvXlNtp0xDoS79rfEdGozQVgliDZj1uERH4k+rmEMTudP9b4VQ8O6nRb5gPqft0QzEQGMQgA==",
      "dev": true,
      "requires": {
        "@types/lodash": "*"
      }
    },
    "axios": {
      "version": "0.26.0",
      "resolved": "https://registry.npmjs.org/axios/-/axios-0.26.0.tgz",
      "integrity": "sha512-lKoGLMYtHvFrPVt3r+RBMp9nh34N0M8zEfCWqdWZx6phynIEhQqAdydpyBAAG211zlhX9Rgu08cOamy6XjE5Og==",
      "requires": {
        "follow-redirects": "^1.14.8"
      }
    },
    "follow-redirects": {
      "version": "1.14.9",
      "resolved": "https://registry.npmjs.org/follow-redirects/-/follow-redirects-1.14.9.tgz",
      "integrity": "sha512-MQDfihBQYMcyy5dhRDJUHcw7lb2Pv/TuE6xP1vyraLukNDHKbDxDNaOE3NbCAdKQApno+GPRyo1YAp89yCjK4w=="
    },
    "lodash.clonedeep": {
      "version": "4.5.0",
      "resolved": "https://registry.npmjs.org/lodash.clonedeep/-/lodash.clonedeep-4.5.0.tgz",
      "integrity": "sha1-4j8/nE+Pvd6HJSnBBxhXoIblzO8="
    },
    "type-fest": {
      "version": "2.11.2",
      "resolved": "https://registry.npmjs.org/type-fest/-/type-fest-2.11.2.tgz",
      "integrity": "sha512-reW2Y2Mpn0QNA/5fvtm5doROLwDPu2zOm5RtY7xQQS05Q7xgC8MOZ3yPNaP9m/s/sNjjFQtHo7VCNqYW2iI+Ig=="
    }
  }
}
