{
  "name": "@klevu/core",
  "version": "0.0.1",
  "lockfileVersion": 2,
  "requires": true,
  "packages": {
    "": {
      "name": "@klevu/core",
      "version": "0.0.1",
      "license": "MIT",
      "dependencies": {
        "axios": "^0.25.0",
        "lodash.clonedeep": "^4.5.0",
        "murmur-32": "^1.0.0",
        "type-fest": "^2.11.2"
      },
      "devDependencies": {
        "@types/lodash.clonedeep": "^4.5.6"
      }
    },
    "node_modules/@types/lodash": {
      "version": "4.14.178",
      "resolved": "https://registry.npmjs.org/@types/lodash/-/lodash-4.14.178.tgz",
      "integrity": "sha512-0d5Wd09ItQWH1qFbEyQ7oTQ3GZrMfth5JkbN3EvTKLXcHLRDSXeLnlvlOn0wvxVIwK5o2M8JzP/OWz7T3NRsbw==",
      "dev": true
    },
    "node_modules/@types/lodash.clonedeep": {
      "version": "4.5.6",
      "resolved": "https://registry.npmjs.org/@types/lodash.clonedeep/-/lodash.clonedeep-4.5.6.tgz",
      "integrity": "sha512-cE1jYr2dEg1wBImvXlNtp0xDoS79rfEdGozQVgliDZj1uERH4k+rmEMTudP9b4VQ8O6nRb5gPqft0QzEQGMQgA==",
      "dev": true,
      "dependencies": {
        "@types/lodash": "*"
      }
    },
    "node_modules/axios": {
      "version": "0.25.0",
      "resolved": "https://registry.npmjs.org/axios/-/axios-0.25.0.tgz",
      "integrity": "sha512-cD8FOb0tRH3uuEe6+evtAbgJtfxr7ly3fQjYcMcuPlgkwVS9xboaVIpcDV+cYQe+yGykgwZCs1pzjntcGa6l5g==",
      "dependencies": {
        "follow-redirects": "^1.14.7"
      }
    },
    "node_modules/encode-utf8": {
      "version": "2.0.0",
      "resolved": "https://registry.npmjs.org/encode-utf8/-/encode-utf8-2.0.0.tgz",
      "integrity": "sha512-3EyMFxZj1/7oMotElDQUEQcP7N4TIe1aJ0m1uBDoyQ8I2LBHhBsXx8P3KsPbqNlGzG+NYxFwEauUwMPHZg3YDQ==",
      "engines": {
        "node": "^12.20.0 || ^14.13.1 || >=16.0.0"
      }
    },
    "node_modules/fmix": {
      "version": "1.0.0",
      "resolved": "https://registry.npmjs.org/fmix/-/fmix-1.0.0.tgz",
      "integrity": "sha512-PIaqOGvVH5P+R92Ywy5PumsNEHvondVQh42SGOmkA9A0ZTFbfguzZpjZ/Gy3WVRUqT9Ia8k5tWlJeiZQzRHA7g==",
      "engines": {
        "node": "^12.20.0 || ^14.13.1 || >=16.0.0"
      }
    },
    "node_modules/follow-redirects": {
      "version": "1.14.7",
      "resolved": "https://registry.npmjs.org/follow-redirects/-/follow-redirects-1.14.7.tgz",
      "integrity": "sha512-+hbxoLbFMbRKDwohX8GkTataGqO6Jb7jGwpAlwgy2bIz25XtRm7KEzJM76R1WiNT5SwZkX4Y75SwBolkpmE7iQ==",
      "funding": [
        {
          "type": "individual",
          "url": "https://github.com/sponsors/RubenVerborgh"
        }
      ],
      "engines": {
        "node": ">=4.0"
      },
      "peerDependenciesMeta": {
        "debug": {
          "optional": true
        }
      }
    },
    "node_modules/lodash.clonedeep": {
      "version": "4.5.0",
      "resolved": "https://registry.npmjs.org/lodash.clonedeep/-/lodash.clonedeep-4.5.0.tgz",
      "integrity": "sha1-4j8/nE+Pvd6HJSnBBxhXoIblzO8="
    },
    "node_modules/murmur-32": {
      "version": "1.0.0",
      "resolved": "https://registry.npmjs.org/murmur-32/-/murmur-32-1.0.0.tgz",
      "integrity": "sha512-l6QKUGWXzZWHash7lmZzycpIifOrnc3PeMaoFrMv90c+xqOyOSzJU0q2T/1d15MzAdEWTpCh1paC855APqt1Gw==",
      "dependencies": {
        "encode-utf8": "^2.0.0",
        "fmix": "^1.0.0"
      },
      "engines": {
        "node": "^12.20.0 || ^14.13.1 || >=16.0.0"
      }
    },
    "node_modules/type-fest": {
      "version": "2.11.2",
      "resolved": "https://registry.npmjs.org/type-fest/-/type-fest-2.11.2.tgz",
      "integrity": "sha512-reW2Y2Mpn0QNA/5fvtm5doROLwDPu2zOm5RtY7xQQS05Q7xgC8MOZ3yPNaP9m/s/sNjjFQtHo7VCNqYW2iI+Ig==",
      "engines": {
        "node": ">=12.20"
      },
      "funding": {
        "url": "https://github.com/sponsors/sindresorhus"
      }
    }
  },
  "dependencies": {
    "@types/lodash": {
      "version": "4.14.178",
      "resolved": "https://registry.npmjs.org/@types/lodash/-/lodash-4.14.178.tgz",
      "integrity": "sha512-0d5Wd09ItQWH1qFbEyQ7oTQ3GZrMfth5JkbN3EvTKLXcHLRDSXeLnlvlOn0wvxVIwK5o2M8JzP/OWz7T3NRsbw==",
      "dev": true
    },
    "@types/lodash.clonedeep": {
      "version": "4.5.6",
      "resolved": "https://registry.npmjs.org/@types/lodash.clonedeep/-/lodash.clonedeep-4.5.6.tgz",
      "integrity": "sha512-cE1jYr2dEg1wBImvXlNtp0xDoS79rfEdGozQVgliDZj1uERH4k+rmEMTudP9b4VQ8O6nRb5gPqft0QzEQGMQgA==",
      "dev": true,
      "requires": {
        "@types/lodash": "*"
      }
    },
    "axios": {
      "version": "0.25.0",
      "resolved": "https://registry.npmjs.org/axios/-/axios-0.25.0.tgz",
      "integrity": "sha512-cD8FOb0tRH3uuEe6+evtAbgJtfxr7ly3fQjYcMcuPlgkwVS9xboaVIpcDV+cYQe+yGykgwZCs1pzjntcGa6l5g==",
      "requires": {
        "follow-redirects": "^1.14.7"
      }
    },
    "encode-utf8": {
      "version": "2.0.0",
      "resolved": "https://registry.npmjs.org/encode-utf8/-/encode-utf8-2.0.0.tgz",
      "integrity": "sha512-3EyMFxZj1/7oMotElDQUEQcP7N4TIe1aJ0m1uBDoyQ8I2LBHhBsXx8P3KsPbqNlGzG+NYxFwEauUwMPHZg3YDQ=="
    },
    "fmix": {
      "version": "1.0.0",
      "resolved": "https://registry.npmjs.org/fmix/-/fmix-1.0.0.tgz",
      "integrity": "sha512-PIaqOGvVH5P+R92Ywy5PumsNEHvondVQh42SGOmkA9A0ZTFbfguzZpjZ/Gy3WVRUqT9Ia8k5tWlJeiZQzRHA7g=="
    },
    "follow-redirects": {
      "version": "1.14.7",
      "resolved": "https://registry.npmjs.org/follow-redirects/-/follow-redirects-1.14.7.tgz",
      "integrity": "sha512-+hbxoLbFMbRKDwohX8GkTataGqO6Jb7jGwpAlwgy2bIz25XtRm7KEzJM76R1WiNT5SwZkX4Y75SwBolkpmE7iQ=="
    },
    "lodash.clonedeep": {
      "version": "4.5.0",
      "resolved": "https://registry.npmjs.org/lodash.clonedeep/-/lodash.clonedeep-4.5.0.tgz",
      "integrity": "sha1-4j8/nE+Pvd6HJSnBBxhXoIblzO8="
    },
    "murmur-32": {
      "version": "1.0.0",
      "resolved": "https://registry.npmjs.org/murmur-32/-/murmur-32-1.0.0.tgz",
      "integrity": "sha512-l6QKUGWXzZWHash7lmZzycpIifOrnc3PeMaoFrMv90c+xqOyOSzJU0q2T/1d15MzAdEWTpCh1paC855APqt1Gw==",
      "requires": {
        "encode-utf8": "^2.0.0",
        "fmix": "^1.0.0"
      }
    },
    "type-fest": {
      "version": "2.11.2",
      "resolved": "https://registry.npmjs.org/type-fest/-/type-fest-2.11.2.tgz",
      "integrity": "sha512-reW2Y2Mpn0QNA/5fvtm5doROLwDPu2zOm5RtY7xQQS05Q7xgC8MOZ3yPNaP9m/s/sNjjFQtHo7VCNqYW2iI+Ig=="
    }
  }
}
